// !$*UTF8*$!
{
	archiveVersion = 1;
	classes = {
	};
	objectVersion = 46;
	objects = {

/* Begin PBXBuildFile section */
		11BDAE211ECDA03500187DA2 /* main.m in Sources */ = {isa = PBXBuildFile; fileRef = 11BDAE201ECDA03500187DA2 /* main.m */; };
		11BDAE241ECDA03500187DA2 /* AppDelegate.m in Sources */ = {isa = PBXBuildFile; fileRef = 11BDAE231ECDA03500187DA2 /* AppDelegate.m */; };
		11BDAE271ECDA03500187DA2 /* ViewController.m in Sources */ = {isa = PBXBuildFile; fileRef = 11BDAE261ECDA03500187DA2 /* ViewController.m */; };
		11BDAE2A1ECDA03500187DA2 /* Main.storyboard in Resources */ = {isa = PBXBuildFile; fileRef = 11BDAE281ECDA03500187DA2 /* Main.storyboard */; };
		11BDAE2C1ECDA03500187DA2 /* Assets.xcassets in Resources */ = {isa = PBXBuildFile; fileRef = 11BDAE2B1ECDA03500187DA2 /* Assets.xcassets */; };
		11BDAE2F1ECDA03500187DA2 /* LaunchScreen.storyboard in Resources */ = {isa = PBXBuildFile; fileRef = 11BDAE2D1ECDA03500187DA2 /* LaunchScreen.storyboard */; };
/* End PBXBuildFile section */

/* Begin PBXFileReference section */
		11BDAE1C1ECDA03500187DA2 /* LGestureSample.app */ = {isa = PBXFileReference; explicitFileType = wrapper.application; includeInIndex = 0; path = LGestureSample.app; sourceTree = BUILT_PRODUCTS_DIR; };
		11BDAE201ECDA03500187DA2 /* main.m */ = {isa = PBXFileReference; lastKnownFileType = sourcecode.c.objc; path = main.m; sourceTree = "<group>"; };
		11BDAE221ECDA03500187DA2 /* AppDelegate.h */ = {isa = PBXFileReference; lastKnownFileType = sourcecode.c.h; path = AppDelegate.h; sourceTree = "<group>"; };
		11BDAE231ECDA03500187DA2 /* AppDelegate.m */ = {isa = PBXFileReference; lastKnownFileType = sourcecode.c.objc; path = AppDelegate.m; sourceTree = "<group>"; };
		11BDAE251ECDA03500187DA2 /* ViewController.h */ = {isa = PBXFileReference; lastKnownFileType = sourcecode.c.h; path = ViewController.h; sourceTree = "<group>"; };
		11BDAE261ECDA03500187DA2 /* ViewController.m */ = {isa = PBXFileReference; lastKnownFileType = sourcecode.c.objc; path = ViewController.m; sourceTree = "<group>"; };
		11BDAE291ECDA03500187DA2 /* Base */ = {isa = PBXFileReference; lastKnownFileType = file.storyboard; name = Base; path = Base.lproj/Main.storyboard; sourceTree = "<group>"; };
		11BDAE2B1ECDA03500187DA2 /* Assets.xcassets */ = {isa = PBXFileReference; lastKnownFileType = folder.assetcatalog; path = Assets.xcassets; sourceTree = "<group>"; };
		11BDAE2E1ECDA03500187DA2 /* Base */ = {isa = PBXFileReference; lastKnownFileType = file.storyboard; name = Base; path = Base.lproj/LaunchScreen.storyboard; sourceTree = "<group>"; };
		11BDAE301ECDA03500187DA2 /* Info.plist */ = {isa = PBXFileReference; lastKnownFileType = text.plist.xml; path = Info.plist; sourceTree = "<group>"; };
/* End PBXFileReference section */

/* Begin PBXFrameworksBuildPhase section */
		11BDAE191ECDA03500187DA2 /* Frameworks */ = {
			isa = PBXFrameworksBuildPhase;
			buildActionMask = 2147483647;
			files = (
			);
			runOnlyForDeploymentPostprocessing = 0;
		};
/* End PBXFrameworksBuildPhase section */

/* Begin PBXGroup section */
		11BDAE131ECDA03500187DA2 = {
			isa = PBXGroup;
			children = (
				11BDAE1E1ECDA03500187DA2 /* LGestureSample */,
				11BDAE1D1ECDA03500187DA2 /* Products */,
			);
			sourceTree = "<group>";
		};
		11BDAE1D1ECDA03500187DA2 /* Products */ = {
			isa = PBXGroup;
			children = (
				11BDAE1C1ECDA03500187DA2 /* LGestureSample.app */,
			);
			name = Products;
			sourceTree = "<group>";
		};
		11BDAE1E1ECDA03500187DA2 /* LGestureSample */ = {
			isa = PBXGroup;
			children = (
				11BDAE221ECDA03500187DA2 /* AppDelegate.h */,
				11BDAE231ECDA03500187DA2 /* AppDelegate.m */,
				11BDAE251ECDA03500187DA2 /* ViewController.h */,
				11BDAE261ECDA03500187DA2 /* ViewController.m */,
				11BDAE281ECDA03500187DA2 /* Main.storyboard */,
				11BDAE2B1ECDA03500187DA2 /* Assets.xcassets */,
				11BDAE2D1ECDA03500187DA2 /* LaunchScreen.storyboard */,
				11BDAE301ECDA03500187DA2 /* Info.plist */,
				11BDAE1F1ECDA03500187DA2 /* Supporting Files */,
			);
			path = LGestureSample;
			sourceTree = "<group>";
		};
		11BDAE1F1ECDA03500187DA2 /* Supporting Files */ = {
			isa = PBXGroup;
			children = (
				11BDAE201ECDA03500187DA2 /* main.m */,
			);
			name = "Supporting Files";
			sourceTree = "<group>";
		};
/* End PBXGroup section */

/* Begin PBXNativeTarget section */
		11BDAE1B1ECDA03500187DA2 /* LGestureSample */ = {
			isa = PBXNativeTarget;
			buildConfigurationList = 11BDAE331ECDA03500187DA2 /* Build configuration list for PBXNativeTarget "LGestureSample" */;
			buildPhases = (
				11BDAE181ECDA03500187DA2 /* Sources */,
				11BDAE191ECDA03500187DA2 /* Frameworks */,
				11BDAE1A1ECDA03500187DA2 /* Resources */,
			);
			buildRules = (
			);
			dependencies = (
			);
			name = LGestureSample;
			productName = LGestureSample;
			productReference = 11BDAE1C1ECDA03500187DA2 /* LGestureSample.app */;
			productType = "com.apple.product-type.application";
		};
/* End PBXNativeTarget section */

/* Begin PBXProject section */
		11BDAE141ECDA03500187DA2 /* Project object */ = {
			isa = PBXProject;
			attributes = {
				LastUpgradeCheck = 0830;
				ORGANIZATIONNAME = r;
				TargetAttributes = {
					11BDAE1B1ECDA03500187DA2 = {
						CreatedOnToolsVersion = 8.3.2;
						ProvisioningStyle = Automatic;
					};
				};
			};
			buildConfigurationList = 11BDAE171ECDA03500187DA2 /* Build configuration list for PBXProject "LGestureSample" */;
			compatibilityVersion = "Xcode 3.2";
			developmentRegion = English;
			hasScannedForEncodings = 0;
			knownRegions = (
				en,
				Base,
			);
			mainGroup = 11BDAE131ECDA03500187DA2;
			productRefGroup = 11BDAE1D1ECDA03500187DA2 /* Products */;
			projectDirPath = "";
			projectRoot = "";
			targets = (
				11BDAE1B1ECDA03500187DA2 /* LGestureSample */,
			);
		};
/* End PBXProject section */

/* Begin PBXResourcesBuildPhase section */
		11BDAE1A1ECDA03500187DA2 /* Resources */ = {
			isa = PBXResourcesBuildPhase;
			buildActionMask = 2147483647;
			files = (
				11BDAE2F1ECDA03500187DA2 /* LaunchScreen.storyboard in Resources */,
				11BDAE2C1ECDA03500187DA2 /* Assets.xcassets in Resources */,
				11BDAE2A1ECDA03500187DA2 /* Main.storyboard in Resources */,
			);
			runOnlyForDeploymentPostprocessing = 0;
		};
/* End PBXResourcesBuildPhase section */

/* Begin PBXSourcesBuildPhase section */
		11BDAE181ECDA03500187DA2 /* Sources */ = {
			isa = PBXSourcesBuildPhase;
			buildActionMask = 2147483647;
			files = (
				11BDAE271ECDA03500187DA2 /* ViewController.m in Sources */,
				11BDAE241ECDA03500187DA2 /* AppDelegate.m in Sources */,
				11BDAE211ECDA03500187DA2 /* main.m in Sources */,
			);
			runOnlyForDeploymentPostprocessing = 0;
		};
/* End PBXSourcesBuildPhase section */

/* Begin PBXVariantGroup section */
		11BDAE281ECDA03500187DA2 /* Main.storyboard */ = {
			isa = PBXVariantGroup;
			children = (
				11BDAE291ECDA03500187DA2 /* Base */,
			);
			name = Main.storyboard;
			sourceTree = "<group>";
		};
		11BDAE2D1ECDA03500187DA2 /* LaunchScreen.storyboard */ = {
			isa = PBXVariantGroup;
			children = (
				11BDAE2E1ECDA03500187DA2 /* Base */,
			);
			name = LaunchScreen.storyboard;
			sourceTree = "<group>";
		};
/* End PBXVariantGroup section */

/* Begin XCBuildConfiguration section */
		11BDAE311ECDA03500187DA2 /* Debug */ = {
			isa = XCBuildConfiguration;
			buildSettings = {
				ALWAYS_SEARCH_USER_PATHS = NO;
				CLANG_ANALYZER_NONNULL = YES;
				CLANG_ANALYZER_NUMBER_OBJECT_CONVERSION = YES_AGGRESSIVE;
				CLANG_CXX_LANGUAGE_STANDARD = "gnu++0x";
				CLANG_CXX_LIBRARY = "libc++";
				CLANG_ENABLE_MODULES = YES;
				CLANG_ENABLE_OBJC_ARC = YES;
				CLANG_WARN_BOOL_CONVERSION = YES;
				CLANG_WARN_CONSTANT_CONVERSION = YES;
				CLANG_WARN_DIRECT_OBJC_ISA_USAGE = YES_ERROR;
				CLANG_WARN_DOCUMENTATION_COMMENTS = YES;
				CLANG_WARN_EMPTY_BODY = YES;
				CLANG_WARN_ENUM_CONVERSION = YES;
				CLANG_WARN_INFINITE_RECURSION = YES;
				CLANG_WARN_INT_CONVERSION = YES;
				CLANG_WARN_OBJC_ROOT_CLASS = YES_ERROR;
				CLANG_WARN_SUSPICIOUS_MOVE = YES;
				CLANG_WARN_UNREACHABLE_CODE = YES;
				CLANG_WARN__DUPLICATE_METHOD_MATCH = YES;
				"CODE_SIGN_IDENTITY[sdk=iphoneos*]" = "iPhone Developer";
				COPY_PHASE_STRIP = NO;
				DEBUG_INFORMATION_FORMAT = dwarf;
				ENABLE_STRICT_OBJC_MSGSEND = YES;
				ENABLE_TESTABILITY = YES;
				GCC_C_LANGUAGE_STANDARD = gnu99;
				GCC_DYNAMIC_NO_PIC = NO;
				GCC_NO_COMMON_BLOCKS = YES;
				GCC_OPTIMIZATION_LEVEL = 0;
				GCC_PREPROCESSOR_DEFINITIONS = (
					"DEBUG=1",
					"$(inherited)",
				);
				GCC_WARN_64_TO_32_BIT_CONVERSION = YES;
				GCC_WARN_ABOUT_RETURN_TYPE = YES_ERROR;
				GCC_WARN_UNDECLARED_SELECTOR = YES;
				GCC_WARN_UNINITIALIZED_AUTOS = YES_AGGRESSIVE;
				GCC_WARN_UNUSED_FUNCTION = YES;
				GCC_WARN_UNUSED_VARIABLE = YES;
				IPHONEOS_DEPLOYMENT_TARGET = 10.3;
				MTL_ENABLE_DEBUG_INFO = YES;
				ONLY_ACTIVE_ARCH = YES;
				SDKROOT = iphoneos;
				TARGETED_DEVICE_FAMILY = "1,2";
			};
			name = Debug;
		};
		11BDAE321ECDA03500187DA2 /* Release */ = {
			isa = XCBuildConfiguration;
			buildSettings = {
				ALWAYS_SEARCH_USER_PATHS = NO;
				CLANG_ANALYZER_NONNULL = YES;
				CLANG_ANALYZER_NUMBER_OBJECT_CONVERSION = YES_AGGRESSIVE;
				CLANG_CXX_LANGUAGE_STANDARD = "gnu++0x";
				CLANG_CXX_LIBRARY = "libc++";
				CLANG_ENABLE_MODULES = YES;
				CLANG_ENABLE_OBJC_ARC = YES;
				CLANG_WARN_BOOL_CONVERSION = YES;
				CLANG_WARN_CONSTANT_CONVERSION = YES;
				CLANG_WARN_DIRECT_OBJC_ISA_USAGE = YES_ERROR;
				CLANG_WARN_DOCUMENTATION_COMMENTS = YES;
				CLANG_WARN_EMPTY_BODY = YES;
				CLANG_WARN_ENUM_CONVERSION = YES;
				CLANG_WARN_INFINITE_RECURSION = YES;
				CLANG_WARN_INT_CONVERSION = YES;
				CLANG_WARN_OBJC_ROOT_CLASS = YES_ERROR;
				CLANG_WARN_SUSPICIOUS_MOVE = YES;
				CLANG_WARN_UNREACHABLE_CODE = YES;
				CLANG_WARN__DUPLICATE_METHOD_MATCH = YES;
				"CODE_SIGN_IDENTITY[sdk=iphoneos*]" = "iPhone Developer";
				COPY_PHASE_STRIP = NO;
				DEBUG_INFORMATION_FORMAT = "dwarf-with-dsym";
				ENABLE_NS_ASSERTIONS = NO;
				ENABLE_STRICT_OBJC_MSGSEND = YES;
				GCC_C_LANGUAGE_STANDARD = gnu99;
				GCC_NO_COMMON_BLOCKS = YES;
				GCC_WARN_64_TO_32_BIT_CONVERSION = YES;
				GCC_WARN_ABOUT_RETURN_TYPE = YES_ERROR;
				GCC_WARN_UNDECLARED_SELECTOR = YES;
				GCC_WARN_UNINITIALIZED_AUTOS = YES_AGGRESSIVE;
				GCC_WARN_UNUSED_FUNCTION = YES;
				GCC_WARN_UNUSED_VARIABLE = YES;
				IPHONEOS_DEPLOYMENT_TARGET = 10.3;
				MTL_ENABLE_DEBUG_INFO = NO;
				SDKROOT = iphoneos;
				TARGETED_DEVICE_FAMILY = "1,2";
				VALIDATE_PRODUCT = YES;
			};
			name = Release;
		};
		11BDAE341ECDA03500187DA2 /* Debug */ = {
			isa = XCBuildConfiguration;
			buildSettings = {
				ASSETCATALOG_COMPILER_APPICON_NAME = AppIcon;
				INFOPLIST_FILE = LGestureSample/Info.plist;
				LD_RUNPATH_SEARCH_PATHS = "$(inherited) @executable_path/Frameworks";
				PRODUCT_BUNDLE_IDENTIFIER = de.lotco.a.LGestureSample;
				PRODUCT_NAME = "$(TARGET_NAME)";
			};
			name = Debug;
		};
		11BDAE351ECDA03500187DA2 /* Release */ = {
			isa = XCBuildConfiguration;
			buildSettings = {
				ASSETCATALOG_COMPILER_APPICON_NAME = AppIcon;
				INFOPLIST_FILE = LGestureSample/Info.plist;
				LD_RUNPATH_SEARCH_PATHS = "$(inherited) @executable_path/Frameworks";
				PRODUCT_BUNDLE_IDENTIFIER = de.lotco.a.LGestureSample;
				PRODUCT_NAME = "$(TARGET_NAME)";
			};
			name = Release;
		};
/* End XCBuildConfiguration section */

/* Begin XCConfigurationList section */
		11BDAE171ECDA03500187DA2 /* Build configuration list for PBXProject "LGestureSample" */ = {
			isa = XCConfigurationList;
			buildConfigurations = (
				11BDAE311ECDA03500187DA2 /* Debug */,
				11BDAE321ECDA03500187DA2 /* Release */,
			);
			defaultConfigurationIsVisible = 0;
			defaultConfigurationName = Release;
		};
		11BDAE331ECDA03500187DA2 /* Build configuration list for PBXNativeTarget "LGestureSample" */ = {
			isa = XCConfigurationList;
			buildConfigurations = (
				11BDAE341ECDA03500187DA2 /* Debug */,
				11BDAE351ECDA03500187DA2 /* Release */,
			);
			defaultConfigurationIsVisible = 0;
		};
/* End XCConfigurationList section */
	};
	rootObject = 11BDAE141ECDA03500187DA2 /* Project object */;
}
